// !$*UTF8*$!
{
	archiveVersion = 1;
	classes = {
	};
	objectVersion = 50;
	objects = {

/* Begin PBXBuildFile section */
		303ED6C0212E45960000BB7F /* AppDelegate.swift in Sources */ = {isa = PBXBuildFile; fileRef = 303ED6BF212E45960000BB7F /* AppDelegate.swift */; };
		303ED6C2212E45960000BB7F /* ViewController.swift in Sources */ = {isa = PBXBuildFile; fileRef = 303ED6C1212E45960000BB7F /* ViewController.swift */; };
		303ED6C5212E45960000BB7F /* Main.storyboard in Resources */ = {isa = PBXBuildFile; fileRef = 303ED6C3212E45960000BB7F /* Main.storyboard */; };
		303ED6C8212E45960000BB7F /* Proyecto_iOS.xcdatamodeld in Sources */ = {isa = PBXBuildFile; fileRef = 303ED6C6212E45960000BB7F /* Proyecto_iOS.xcdatamodeld */; };
		303ED6CA212E459E0000BB7F /* Assets.xcassets in Resources */ = {isa = PBXBuildFile; fileRef = 303ED6C9212E459E0000BB7F /* Assets.xcassets */; };
		303ED6CD212E459E0000BB7F /* LaunchScreen.storyboard in Resources */ = {isa = PBXBuildFile; fileRef = 303ED6CB212E459E0000BB7F /* LaunchScreen.storyboard */; };
/* End PBXBuildFile section */

/* Begin PBXFileReference section */
		303ED6BC212E45960000BB7F /* Proyecto iOS.app */ = {isa = PBXFileReference; explicitFileType = wrapper.application; includeInIndex = 0; path = "Proyecto iOS.app"; sourceTree = BUILT_PRODUCTS_DIR; };
		303ED6BF212E45960000BB7F /* AppDelegate.swift */ = {isa = PBXFileReference; lastKnownFileType = sourcecode.swift; path = AppDelegate.swift; sourceTree = "<group>"; };
		303ED6C1212E45960000BB7F /* ViewController.swift */ = {isa = PBXFileReference; lastKnownFileType = sourcecode.swift; path = ViewController.swift; sourceTree = "<group>"; };
		303ED6C4212E45960000BB7F /* Base */ = {isa = PBXFileReference; lastKnownFileType = file.storyboard; name = Base; path = Base.lproj/Main.storyboard; sourceTree = "<group>"; };
		303ED6C7212E45960000BB7F /* Proyecto_iOS.xcdatamodel */ = {isa = PBXFileReference; lastKnownFileType = wrapper.xcdatamodel; path = Proyecto_iOS.xcdatamodel; sourceTree = "<group>"; };
		303ED6C9212E459E0000BB7F /* Assets.xcassets */ = {isa = PBXFileReference; lastKnownFileType = folder.assetcatalog; path = Assets.xcassets; sourceTree = "<group>"; };
		303ED6CC212E459E0000BB7F /* Base */ = {isa = PBXFileReference; lastKnownFileType = file.storyboard; name = Base; path = Base.lproj/LaunchScreen.storyboard; sourceTree = "<group>"; };
		303ED6CE212E459E0000BB7F /* Info.plist */ = {isa = PBXFileReference; lastKnownFileType = text.plist.xml; path = Info.plist; sourceTree = "<group>"; };
/* End PBXFileReference section */

/* Begin PBXFrameworksBuildPhase section */
		303ED6B9212E45960000BB7F /* Frameworks */ = {
			isa = PBXFrameworksBuildPhase;
			buildActionMask = 2147483647;
			files = (
			);
			runOnlyForDeploymentPostprocessing = 0;
		};
/* End PBXFrameworksBuildPhase section */

/* Begin PBXGroup section */
		303ED6B3212E45960000BB7F = {
			isa = PBXGroup;
			children = (
				303ED6BE212E45960000BB7F /* Proyecto iOS */,
				303ED6BD212E45960000BB7F /* Products */,
			);
			sourceTree = "<group>";
		};
		303ED6BD212E45960000BB7F /* Products */ = {
			isa = PBXGroup;
			children = (
				303ED6BC212E45960000BB7F /* Proyecto iOS.app */,
			);
			name = Products;
			sourceTree = "<group>";
		};
		303ED6BE212E45960000BB7F /* Proyecto iOS */ = {
			isa = PBXGroup;
			children = (
				303ED6BF212E45960000BB7F /* AppDelegate.swift */,
				303ED6C1212E45960000BB7F /* ViewController.swift */,
				303ED6C3212E45960000BB7F /* Main.storyboard */,
				303ED6C9212E459E0000BB7F /* Assets.xcassets */,
				303ED6CB212E459E0000BB7F /* LaunchScreen.storyboard */,
				303ED6CE212E459E0000BB7F /* Info.plist */,
				303ED6C6212E45960000BB7F /* Proyecto_iOS.xcdatamodeld */,
			);
			path = "Proyecto iOS";
			sourceTree = "<group>";
		};
/* End PBXGroup section */

/* Begin PBXNativeTarget section */
		303ED6BB212E45960000BB7F /* Proyecto iOS */ = {
			isa = PBXNativeTarget;
			buildConfigurationList = 303ED6D1212E459E0000BB7F /* Build configuration list for PBXNativeTarget "Proyecto iOS" */;
			buildPhases = (
				303ED6B8212E45960000BB7F /* Sources */,
				303ED6B9212E45960000BB7F /* Frameworks */,
				303ED6BA212E45960000BB7F /* Resources */,
			);
			buildRules = (
			);
			dependencies = (
			);
			name = "Proyecto iOS";
			productName = "Proyecto iOS";
			productReference = 303ED6BC212E45960000BB7F /* Proyecto iOS.app */;
			productType = "com.apple.product-type.application";
		};
/* End PBXNativeTarget section */

/* Begin PBXProject section */
		303ED6B4212E45960000BB7F /* Project object */ = {
			isa = PBXProject;
			attributes = {
				LastSwiftUpdateCheck = 0940;
				LastUpgradeCheck = 0940;
				ORGANIZATIONNAME = "App Gee";
				TargetAttributes = {
					303ED6BB212E45960000BB7F = {
						CreatedOnToolsVersion = 9.4.1;
					};
				};
			};
			buildConfigurationList = 303ED6B7212E45960000BB7F /* Build configuration list for PBXProject "Proyecto iOS" */;
			compatibilityVersion = "Xcode 9.3";
			developmentRegion = en;
			hasScannedForEncodings = 0;
			knownRegions = (
				en,
				Base,
			);
			mainGroup = 303ED6B3212E45960000BB7F;
			productRefGroup = 303ED6BD212E45960000BB7F /* Products */;
			projectDirPath = "";
			projectRoot = "";
			targets = (
				303ED6BB212E45960000BB7F /* Proyecto iOS */,
			);
		};
/* End PBXProject section */

/* Begin PBXResourcesBuildPhase section */
		303ED6BA212E45960000BB7F /* Resources */ = {
			isa = PBXResourcesBuildPhase;
			buildActionMask = 2147483647;
			files = (
				303ED6CD212E459E0000BB7F /* LaunchScreen.storyboard in Resources */,
				303ED6CA212E459E0000BB7F /* Assets.xcassets in Resources */,
				303ED6C5212E45960000BB7F /* Main.storyboard in Resources */,
			);
			runOnlyForDeploymentPostprocessing = 0;
		};
/* End PBXResourcesBuildPhase section */

/* Begin PBXSourcesBuildPhase section */
		303ED6B8212E45960000BB7F /* Sources */ = {
			isa = PBXSourcesBuildPhase;
			buildActionMask = 2147483647;
			files = (
				303ED6C2212E45960000BB7F /* ViewController.swift in Sources */,
				303ED6C0212E45960000BB7F /* AppDelegate.swift in Sources */,
				303ED6C8212E45960000BB7F /* Proyecto_iOS.xcdatamodeld in Sources */,
			);
			runOnlyForDeploymentPostprocessing = 0;
		};
/* End PBXSourcesBuildPhase section */

/* Begin PBXVariantGroup section */
		303ED6C3212E45960000BB7F /* Main.storyboard */ = {
			isa = PBXVariantGroup;
			children = (
				303ED6C4212E45960000BB7F /* Base */,
			);
			name = Main.storyboard;
			sourceTree = "<group>";
		};
		303ED6CB212E459E0000BB7F /* LaunchScreen.storyboard */ = {
			isa = PBXVariantGroup;
			children = (
				303ED6CC212E459E0000BB7F /* Base */,
			);
			name = LaunchScreen.storyboard;
			sourceTree = "<group>";
		};
/* End PBXVariantGroup section */

/* Begin XCBuildConfiguration section */
		303ED6CF212E459E0000BB7F /* Debug */ = {
			isa = XCBuildConfiguration;
			buildSettings = {
				ALWAYS_SEARCH_USER_PATHS = NO;
				CLANG_ANALYZER_NONNULL = YES;
				CLANG_ANALYZER_NUMBER_OBJECT_CONVERSION = YES_AGGRESSIVE;
				CLANG_CXX_LANGUAGE_STANDARD = "gnu++14";
				CLANG_CXX_LIBRARY = "libc++";
				CLANG_ENABLE_MODULES = YES;
				CLANG_ENABLE_OBJC_ARC = YES;
				CLANG_ENABLE_OBJC_WEAK = YES;
				CLANG_WARN_BLOCK_CAPTURE_AUTORELEASING = YES;
				CLANG_WARN_BOOL_CONVERSION = YES;
				CLANG_WARN_COMMA = YES;
				CLANG_WARN_CONSTANT_CONVERSION = YES;
				CLANG_WARN_DEPRECATED_OBJC_IMPLEMENTATIONS = YES;
				CLANG_WARN_DIRECT_OBJC_ISA_USAGE = YES_ERROR;
				CLANG_WARN_DOCUMENTATION_COMMENTS = YES;
				CLANG_WARN_EMPTY_BODY = YES;
				CLANG_WARN_ENUM_CONVERSION = YES;
				CLANG_WARN_INFINITE_RECURSION = YES;
				CLANG_WARN_INT_CONVERSION = YES;
				CLANG_WARN_NON_LITERAL_NULL_CONVERSION = YES;
				CLANG_WARN_OBJC_IMPLICIT_RETAIN_SELF = YES;
				CLANG_WARN_OBJC_LITERAL_CONVERSION = YES;
				CLANG_WARN_OBJC_ROOT_CLASS = YES_ERROR;
				CLANG_WARN_RANGE_LOOP_ANALYSIS = YES;
				CLANG_WARN_STRICT_PROTOTYPES = YES;
				CLANG_WARN_SUSPICIOUS_MOVE = YES;
				CLANG_WARN_UNGUARDED_AVAILABILITY = YES_AGGRESSIVE;
				CLANG_WARN_UNREACHABLE_CODE = YES;
				CLANG_WARN__DUPLICATE_METHOD_MATCH = YES;
				CODE_SIGN_IDENTITY = "iPhone Developer";
				COPY_PHASE_STRIP = NO;
				DEBUG_INFORMATION_FORMAT = dwarf;
				ENABLE_STRICT_OBJC_MSGSEND = YES;
				ENABLE_TESTABILITY = YES;
				GCC_C_LANGUAGE_STANDARD = gnu11;
				GCC_DYNAMIC_NO_PIC = NO;
				GCC_NO_COMMON_BLOCKS = YES;
				GCC_OPTIMIZATION_LEVEL = 0;
				GCC_PREPROCESSOR_DEFINITIONS = (
					"DEBUG=1",
					"$(inherited)",
				);
				GCC_WARN_64_TO_32_BIT_CONVERSION = YES;
				GCC_WARN_ABOUT_RETURN_TYPE = YES_ERROR;
				GCC_WARN_UNDECLARED_SELECTOR = YES;
				GCC_WARN_UNINITIALIZED_AUTOS = YES_AGGRESSIVE;
				GCC_WARN_UNUSED_FUNCTION = YES;
				GCC_WARN_UNUSED_VARIABLE = YES;
				IPHONEOS_DEPLOYMENT_TARGET = 11.4;
				MTL_ENABLE_DEBUG_INFO = YES;
				ONLY_ACTIVE_ARCH = YES;
				SDKROOT = iphoneos;
				SWIFT_ACTIVE_COMPILATION_CONDITIONS = DEBUG;
				SWIFT_OPTIMIZATION_LEVEL = "-Onone";
			};
			name = Debug;
		};
		303ED6D0212E459E0000BB7F /* Release */ = {
			isa = XCBuildConfiguration;
			buildSettings = {
				ALWAYS_SEARCH_USER_PATHS = NO;
				CLANG_ANALYZER_NONNULL = YES;
				CLANG_ANALYZER_NUMBER_OBJECT_CONVERSION = YES_AGGRESSIVE;
				CLANG_CXX_LANGUAGE_STANDARD = "gnu++14";
				CLANG_CXX_LIBRARY = "libc++";
				CLANG_ENABLE_MODULES = YES;
				CLANG_ENABLE_OBJC_ARC = YES;
				CLANG_ENABLE_OBJC_WEAK = YES;
				CLANG_WARN_BLOCK_CAPTURE_AUTORELEASING = YES;
				CLANG_WARN_BOOL_CONVERSION = YES;
				CLANG_WARN_COMMA = YES;
				CLANG_WARN_CONSTANT_CONVERSION = YES;
				CLANG_WARN_DEPRECATED_OBJC_IMPLEMENTATIONS = YES;
				CLANG_WARN_DIRECT_OBJC_ISA_USAGE = YES_ERROR;
				CLANG_WARN_DOCUMENTATION_COMMENTS = YES;
				CLANG_WARN_EMPTY_BODY = YES;
				CLANG_WARN_ENUM_CONVERSION = YES;
				CLANG_WARN_INFINITE_RECURSION = YES;
				CLANG_WARN_INT_CONVERSION = YES;
				CLANG_WARN_NON_LITERAL_NULL_CONVERSION = YES;
				CLANG_WARN_OBJC_IMPLICIT_RETAIN_SELF = YES;
				CLANG_WARN_OBJC_LITERAL_CONVERSION = YES;
				CLANG_WARN_OBJC_ROOT_CLASS = YES_ERROR;
				CLANG_WARN_RANGE_LOOP_ANALYSIS = YES;
				CLANG_WARN_STRICT_PROTOTYPES = YES;
				CLANG_WARN_SUSPICIOUS_MOVE = YES;
				CLANG_WARN_UNGUARDED_AVAILABILITY = YES_AGGRESSIVE;
				CLANG_WARN_UNREACHABLE_CODE = YES;
				CLANG_WARN__DUPLICATE_METHOD_MATCH = YES;
				CODE_SIGN_IDENTITY = "iPhone Developer";
				COPY_PHASE_STRIP = NO;
				DEBUG_INFORMATION_FORMAT = "dwarf-with-dsym";
				ENABLE_NS_ASSERTIONS = NO;
				ENABLE_STRICT_OBJC_MSGSEND = YES;
				GCC_C_LANGUAGE_STANDARD = gnu11;
				GCC_NO_COMMON_BLOCKS = YES;
				GCC_WARN_64_TO_32_BIT_CONVERSION = YES;
				GCC_WARN_ABOUT_RETURN_TYPE = YES_ERROR;
				GCC_WARN_UNDECLARED_SELECTOR = YES;
				GCC_WARN_UNINITIALIZED_AUTOS = YES_AGGRESSIVE;
				GCC_WARN_UNUSED_FUNCTION = YES;
				GCC_WARN_UNUSED_VARIABLE = YES;
				IPHONEOS_DEPLOYMENT_TARGET = 11.4;
				MTL_ENABLE_DEBUG_INFO = NO;
				SDKROOT = iphoneos;
				SWIFT_COMPILATION_MODE = wholemodule;
				SWIFT_OPTIMIZATION_LEVEL = "-O";
				VALIDATE_PRODUCT = YES;
			};
			name = Release;
		};
		303ED6D2212E459E0000BB7F /* Debug */ = {
			isa = XCBuildConfiguration;
			buildSettings = {
				ASSETCATALOG_COMPILER_APPICON_NAME = AppIcon;
				CODE_SIGN_STYLE = Manual;
				DEVELOPMENT_TEAM = "";
				INFOPLIST_FILE = "Proyecto iOS/Info.plist";
				LD_RUNPATH_SEARCH_PATHS = (
					"$(inherited)",
					"@executable_path/Frameworks",
				);
				PRODUCT_BUNDLE_IDENTIFIER = "appgee.Proyecto-iOS";
				PRODUCT_NAME = "$(TARGET_NAME)";
				PROVISIONING_PROFILE_SPECIFIER = "";
				SWIFT_VERSION = 4.0;
				TARGETED_DEVICE_FAMILY = "1,2";
			};
			name = Debug;
		};
		303ED6D3212E459E0000BB7F /* Release */ = {
			isa = XCBuildConfiguration;
			buildSettings = {
				ASSETCATALOG_COMPILER_APPICON_NAME = AppIcon;
				CODE_SIGN_STYLE = Manual;
				DEVELOPMENT_TEAM = "";
				INFOPLIST_FILE = "Proyecto iOS/Info.plist";
				LD_RUNPATH_SEARCH_PATHS = (
					"$(inherited)",
					"@executable_path/Frameworks",
				);
				PRODUCT_BUNDLE_IDENTIFIER = "appgee.Proyecto-iOS";
				PRODUCT_NAME = "$(TARGET_NAME)";
				PROVISIONING_PROFILE_SPECIFIER = "";
				SWIFT_VERSION = 4.0;
				TARGETED_DEVICE_FAMILY = "1,2";
			};
			name = Release;
		};
/* End XCBuildConfiguration section */

/* Begin XCConfigurationList section */
		303ED6B7212E45960000BB7F /* Build configuration list for PBXProject "Proyecto iOS" */ = {
			isa = XCConfigurationList;
			buildConfigurations = (
				303ED6CF212E459E0000BB7F /* Debug */,
				303ED6D0212E459E0000BB7F /* Release */,
			);
			defaultConfigurationIsVisible = 0;
			defaultConfigurationName = Release;
		};
		303ED6D1212E459E0000BB7F /* Build configuration list for PBXNativeTarget "Proyecto iOS" */ = {
			isa = XCConfigurationList;
			buildConfigurations = (
				303ED6D2212E459E0000BB7F /* Debug */,
				303ED6D3212E459E0000BB7F /* Release */,
			);
			defaultConfigurationIsVisible = 0;
			defaultConfigurationName = Release;
		};
/* End XCConfigurationList section */

/* Begin XCVersionGroup section */
		303ED6C6212E45960000BB7F /* Proyecto_iOS.xcdatamodeld */ = {
			isa = XCVersionGroup;
			children = (
				303ED6C7212E45960000BB7F /* Proyecto_iOS.xcdatamodel */,
			);
			currentVersion = 303ED6C7212E45960000BB7F /* Proyecto_iOS.xcdatamodel */;
			path = Proyecto_iOS.xcdatamodeld;
			sourceTree = "<group>";
			versionGroupType = wrapper.xcdatamodel;
		};
/* End XCVersionGroup section */
	};
	rootObject = 303ED6B4212E45960000BB7F /* Project object */;
}
